
Microsoft Visual Studio Solution File, Format Version 12.00
# Visual Studio 15
VisualStudioVersion = 15.0.28307.136
MinimumVisualStudioVersion = 10.0.40219.1
Project("{FAE04EC0-301F-11D3-BF4B-00C04F79EFBC}") = "TestConsole", "TestConsole\TestConsole.csproj", "{023621A2-4628-480B-9F60-25302A36FA1F}"
EndProject
Project("{FAE04EC0-301F-11D3-BF4B-00C04F79EFBC}") = "DaanLib", "DaanLib\DaanLib.csproj", "{F6F47B42-C0B4-4106-AAFD-28C71F23E250}"
EndProject
Global
	GlobalSection(SolutionConfigurationPlatforms) = preSolution
		Debug|Any CPU = Debug|Any CPU
		Debug|ARM = Debug|ARM
		Debug|ARM64 = Debug|ARM64
		Debug|x64 = Debug|x64
		Debug|x86 = Debug|x86
		Release|Any CPU = Release|Any CPU
		Release|ARM = Release|ARM
		Release|ARM64 = Release|ARM64
		Release|x64 = Release|x64
		Release|x86 = Release|x86
	EndGlobalSection
	GlobalSection(ProjectConfigurationPlatforms) = postSolution
		{023621A2-4628-480B-9F60-25302A36FA1F}.Debug|Any CPU.ActiveCfg = Debug|Any CPU
		{023621A2-4628-480B-9F60-25302A36FA1F}.Debug|Any CPU.Build.0 = Debug|Any CPU
		{023621A2-4628-480B-9F60-25302A36FA1F}.Debug|ARM.ActiveCfg = Debug|Any CPU
		{023621A2-4628-480B-9F60-25302A36FA1F}.Debug|ARM.Build.0 = Debug|Any CPU
		{023621A2-4628-480B-9F60-25302A36FA1F}.Debug|ARM64.ActiveCfg = Debug|Any CPU
		{023621A2-4628-480B-9F60-25302A36FA1F}.Debug|ARM64.Build.0 = Debug|Any CPU
		{023621A2-4628-480B-9F60-25302A36FA1F}.Debug|x64.ActiveCfg = Debug|Any CPU
		{023621A2-4628-480B-9F60-25302A36FA1F}.Debug|x64.Build.0 = Debug|Any CPU
		{023621A2-4628-480B-9F60-25302A36FA1F}.Debug|x86.ActiveCfg = Debug|Any CPU
		{023621A2-4628-480B-9F60-25302A36FA1F}.Debug|x86.Build.0 = Debug|Any CPU
		{023621A2-4628-480B-9F60-25302A36FA1F}.Release|Any CPU.ActiveCfg = Release|Any CPU
		{023621A2-4628-480B-9F60-25302A36FA1F}.Release|Any CPU.Build.0 = Release|Any CPU
		{023621A2-4628-480B-9F60-25302A36FA1F}.Release|ARM.ActiveCfg = Release|Any CPU
		{023621A2-4628-480B-9F60-25302A36FA1F}.Release|ARM.Build.0 = Release|Any CPU
		{023621A2-4628-480B-9F60-25302A36FA1F}.Release|ARM64.ActiveCfg = Release|Any CPU
		{023621A2-4628-480B-9F60-25302A36FA1F}.Release|ARM64.Build.0 = Release|Any CPU
		{023621A2-4628-480B-9F60-25302A36FA1F}.Release|x64.ActiveCfg = Release|Any CPU
		{023621A2-4628-480B-9F60-25302A36FA1F}.Release|x64.Build.0 = Release|Any CPU
		{023621A2-4628-480B-9F60-25302A36FA1F}.Release|x86.ActiveCfg = Release|Any CPU
		{023621A2-4628-480B-9F60-25302A36FA1F}.Release|x86.Build.0 = Release|Any CPU
		{F6F47B42-C0B4-4106-AAFD-28C71F23E250}.Debug|Any CPU.ActiveCfg = Debug|Any CPU
		{F6F47B42-C0B4-4106-AAFD-28C71F23E250}.Debug|Any CPU.Build.0 = Debug|Any CPU
		{F6F47B42-C0B4-4106-AAFD-28C71F23E250}.Debug|ARM.ActiveCfg = Debug|Any CPU
		{F6F47B42-C0B4-4106-AAFD-28C71F23E250}.Debug|ARM.Build.0 = Debug|Any CPU
		{F6F47B42-C0B4-4106-AAFD-28C71F23E250}.Debug|ARM64.ActiveCfg = Debug|Any CPU
		{F6F47B42-C0B4-4106-AAFD-28C71F23E250}.Debug|ARM64.Build.0 = Debug|Any CPU
		{F6F47B42-C0B4-4106-AAFD-28C71F23E250}.Debug|x64.ActiveCfg = Debug|Any CPU
		{F6F47B42-C0B4-4106-AAFD-28C71F23E250}.Debug|x64.Build.0 = Debug|Any CPU
		{F6F47B42-C0B4-4106-AAFD-28C71F23E250}.Debug|x86.ActiveCfg = Debug|Any CPU
		{F6F47B42-C0B4-4106-AAFD-28C71F23E250}.Debug|x86.Build.0 = Debug|Any CPU
		{F6F47B42-C0B4-4106-AAFD-28C71F23E250}.Release|Any CPU.ActiveCfg = Release|Any CPU
		{F6F47B42-C0B4-4106-AAFD-28C71F23E250}.Release|Any CPU.Build.0 = Release|Any CPU
		{F6F47B42-C0B4-4106-AAFD-28C71F23E250}.Release|ARM.ActiveCfg = Release|Any CPU
		{F6F47B42-C0B4-4106-AAFD-28C71F23E250}.Release|ARM.Build.0 = Release|Any CPU
		{F6F47B42-C0B4-4106-AAFD-28C71F23E250}.Release|ARM64.ActiveCfg = Release|Any CPU
		{F6F47B42-C0B4-4106-AAFD-28C71F23E250}.Release|ARM64.Build.0 = Release|Any CPU
		{F6F47B42-C0B4-4106-AAFD-28C71F23E250}.Release|x64.ActiveCfg = Release|Any CPU
		{F6F47B42-C0B4-4106-AAFD-28C71F23E250}.Release|x64.Build.0 = Release|Any CPU
		{F6F47B42-C0B4-4106-AAFD-28C71F23E250}.Release|x86.ActiveCfg = Release|Any CPU
		{F6F47B42-C0B4-4106-AAFD-28C71F23E250}.Release|x86.Build.0 = Release|Any CPU
	EndGlobalSection
	GlobalSection(SolutionProperties) = preSolution
		HideSolutionNode = FALSE
	EndGlobalSection
	GlobalSection(ExtensibilityGlobals) = postSolution
		SolutionGuid = {E4CC8F3B-A5D9-4446-A213-072C7DB89B26}
	EndGlobalSection
EndGlobal
